
Microsoft Visual Studio Solution File, Format Version 12.00
# Visual Studio Version 17
VisualStudioVersion = 17.10.34928.147
MinimumVisualStudioVersion = 10.0.40219.1
Project("{FAE04EC0-301F-11D3-BF4B-00C04F79EFBC}") = "Web-Server", "Web-Server\Web-Server.csproj", "{8BD2F1BF-EA8C-4448-8F29-4D541790B1F3}"
EndProject
Global
	GlobalSection(SolutionConfigurationPlatforms) = preSolution
		Debug|Any CPU = Debug|Any CPU
		Release|Any CPU = Release|Any CPU
	EndGlobalSection
	GlobalSection(ProjectConfigurationPlatforms) = postSolution
		{8BD2F1BF-EA8C-4448-8F29-4D541790B1F3}.Debug|Any CPU.ActiveCfg = Debug|Any CPU
		{8BD2F1BF-EA8C-4448-8F29-4D541790B1F3}.Debug|Any CPU.Build.0 = Debug|Any CPU
		{8BD2F1BF-EA8C-4448-8F29-4D541790B1F3}.Release|Any CPU.ActiveCfg = Release|Any CPU
		{8BD2F1BF-EA8C-4448-8F29-4D541790B1F3}.Release|Any CPU.Build.0 = Release|Any CPU
	EndGlobalSection
	GlobalSection(SolutionProperties) = preSolution
		HideSolutionNode = FALSE
	EndGlobalSection
	GlobalSection(ExtensibilityGlobals) = postSolution
		SolutionGuid = {2CD345D0-A02E-4A2E-ABB2-E2651B343DFD}
	EndGlobalSection
EndGlobal
